
Microsoft Visual Studio Solution File, Format Version 12.00
# Visual Studio Version 17
VisualStudioVersion = 17.9.34728.123
MinimumVisualStudioVersion = 10.0.40219.1
Project("{FAE04EC0-301F-11D3-BF4B-00C04F79EFBC}") = "ApiTareas", "ApiTareas\ApiTareas.csproj", "{ACD898FE-E8F6-41A3-AB4F-CB6561E995A1}"
EndProject
Global
	GlobalSection(SolutionConfigurationPlatforms) = preSolution
		Debug|Any CPU = Debug|Any CPU
		Release|Any CPU = Release|Any CPU
	EndGlobalSection
	GlobalSection(ProjectConfigurationPlatforms) = postSolution
		{ACD898FE-E8F6-41A3-AB4F-CB6561E995A1}.Debug|Any CPU.ActiveCfg = Debug|Any CPU
		{ACD898FE-E8F6-41A3-AB4F-CB6561E995A1}.Debug|Any CPU.Build.0 = Debug|Any CPU
		{ACD898FE-E8F6-41A3-AB4F-CB6561E995A1}.Release|Any CPU.ActiveCfg = Release|Any CPU
		{ACD898FE-E8F6-41A3-AB4F-CB6561E995A1}.Release|Any CPU.Build.0 = Release|Any CPU
	EndGlobalSection
	GlobalSection(SolutionProperties) = preSolution
		HideSolutionNode = FALSE
	EndGlobalSection
	GlobalSection(ExtensibilityGlobals) = postSolution
		SolutionGuid = {D636242A-C649-431F-85E9-D7E00140A621}
	EndGlobalSection
EndGlobal
